// !$*UTF8*$!
{
	archiveVersion = 1;
	classes = {
	};
	objectVersion = 46;
	objects = {

/* Begin PBXBuildFile section */
		3B32C5CB931185FB9F014B98 /* libPods.a in Frameworks */ = {isa = PBXBuildFile; fileRef = 462F61F299973CBFB81823B2 /* libPods.a */; };
		6700DE111C58E33D00380CB1 /* TPKeyboardAvoidingScrollView.m in Sources */ = {isa = PBXBuildFile; fileRef = 6700DE101C58E33D00380CB1 /* TPKeyboardAvoidingScrollView.m */; };
		6700DE131C58E37B00380CB1 /* UIScrollView+TPKeyboardAvoidingAdditions.m in Sources */ = {isa = PBXBuildFile; fileRef = 6700DE121C58E37B00380CB1 /* UIScrollView+TPKeyboardAvoidingAdditions.m */; };
		6700DE171C5B548900380CB1 /* SignInViewController.m in Sources */ = {isa = PBXBuildFile; fileRef = 6700DE161C5B548900380CB1 /* SignInViewController.m */; };
		6700DE1B1C5B927000380CB1 /* DecorationObject.m in Sources */ = {isa = PBXBuildFile; fileRef = 6700DE1A1C5B927000380CB1 /* DecorationObject.m */; };
		6700DE241C5BA6D800380CB1 /* WebConfiguration.m in Sources */ = {isa = PBXBuildFile; fileRef = 6700DE231C5BA6D800380CB1 /* WebConfiguration.m */; };
		6700DE281C5F62D000380CB1 /* ColorDecorationCollectionViewCell.m in Sources */ = {isa = PBXBuildFile; fileRef = 6700DE271C5F62D000380CB1 /* ColorDecorationCollectionViewCell.m */; };
		6700DE2B1C5F62F400380CB1 /* ColorDecorationCellObject.m in Sources */ = {isa = PBXBuildFile; fileRef = 6700DE2A1C5F62F400380CB1 /* ColorDecorationCellObject.m */; };
		674853C81C6A074F001A499A /* BaseViewController.m in Sources */ = {isa = PBXBuildFile; fileRef = 674853C71C6A074F001A499A /* BaseViewController.m */; };
		6792E7BD1C52427F000DE98D /* LocalAuthentication.framework in Frameworks */ = {isa = PBXBuildFile; fileRef = 6792E7BC1C52427F000DE98D /* LocalAuthentication.framework */; };
		6792E7C01C52430A000DE98D /* WishUtils.m in Sources */ = {isa = PBXBuildFile; fileRef = 6792E7BF1C52430A000DE98D /* WishUtils.m */; };
		67BE60B01C48E80D0074BF7C /* main.m in Sources */ = {isa = PBXBuildFile; fileRef = 67BE60AF1C48E80D0074BF7C /* main.m */; };
		67BE60B31C48E80D0074BF7C /* AppDelegate.m in Sources */ = {isa = PBXBuildFile; fileRef = 67BE60B21C48E80D0074BF7C /* AppDelegate.m */; };
		67BE60B61C48E80D0074BF7C /* ViewController.m in Sources */ = {isa = PBXBuildFile; fileRef = 67BE60B51C48E80D0074BF7C /* ViewController.m */; };
		67BE60B91C48E80D0074BF7C /* Main.storyboard in Resources */ = {isa = PBXBuildFile; fileRef = 67BE60B71C48E80D0074BF7C /* Main.storyboard */; };
		67BE60BC1C48E80D0074BF7C /* Wish.xcdatamodeld in Sources */ = {isa = PBXBuildFile; fileRef = 67BE60BA1C48E80D0074BF7C /* Wish.xcdatamodeld */; };
		67BE60BE1C48E80D0074BF7C /* Assets.xcassets in Resources */ = {isa = PBXBuildFile; fileRef = 67BE60BD1C48E80D0074BF7C /* Assets.xcassets */; };
		67BE60C11C48E80D0074BF7C /* LaunchScreen.storyboard in Resources */ = {isa = PBXBuildFile; fileRef = 67BE60BF1C48E80D0074BF7C /* LaunchScreen.storyboard */; };
		67BE60CC1C48E80D0074BF7C /* WishTests.m in Sources */ = {isa = PBXBuildFile; fileRef = 67BE60CB1C48E80D0074BF7C /* WishTests.m */; };
		67BE60D71C48E80D0074BF7C /* WishUITests.m in Sources */ = {isa = PBXBuildFile; fileRef = 67BE60D61C48E80D0074BF7C /* WishUITests.m */; };
		67C442FC1C56394A00B3311D /* RootNavigationController.m in Sources */ = {isa = PBXBuildFile; fileRef = 67C442FB1C56394A00B3311D /* RootNavigationController.m */; };
		67C443001C56692400B3311D /* CreateWishViewController.m in Sources */ = {isa = PBXBuildFile; fileRef = 67C442FF1C56692400B3311D /* CreateWishViewController.m */; };
		67C443041C567FD100B3311D /* WishListViewController.m in Sources */ = {isa = PBXBuildFile; fileRef = 67C443031C567FD100B3311D /* WishListViewController.m */; };
		67C443071C567FFE00B3311D /* WishSearchViewController.m in Sources */ = {isa = PBXBuildFile; fileRef = 67C443061C567FFE00B3311D /* WishSearchViewController.m */; };
		67C4430A1C56803E00B3311D /* LikedWishesViewController.m in Sources */ = {isa = PBXBuildFile; fileRef = 67C443091C56803E00B3311D /* LikedWishesViewController.m */; };
		67C4430E1C56806400B3311D /* MyWishesViewController.m in Sources */ = {isa = PBXBuildFile; fileRef = 67C4430D1C56806400B3311D /* MyWishesViewController.m */; };
		67C443151C578F3400B3311D /* SignUpViewController.m in Sources */ = {isa = PBXBuildFile; fileRef = 67C443141C578F3400B3311D /* SignUpViewController.m */; };
		67C72FAB1C523D4500BE30F1 /* Configuration.m in Sources */ = {isa = PBXBuildFile; fileRef = 67C72FAA1C523D4400BE30F1 /* Configuration.m */; };
		67DEB5701C609CE200ADB66A /* UIView+Toast.m in Sources */ = {isa = PBXBuildFile; fileRef = 67DEB56F1C609CE200ADB66A /* UIView+Toast.m */; };
		67DEB5731C61E8ED00ADB66A /* WishObject.m in Sources */ = {isa = PBXBuildFile; fileRef = 67DEB5721C61E8ED00ADB66A /* WishObject.m */; };
		67DEB5761C61EF5D00ADB66A /* WishTableViewCell.m in Sources */ = {isa = PBXBuildFile; fileRef = 67DEB5751C61EF5D00ADB66A /* WishTableViewCell.m */; };
		67ED91881C4CD21500829B7D /* PrivateService.m in Sources */ = {isa = PBXBuildFile; fileRef = 67ED91861C4CD21500829B7D /* PrivateService.m */; };
		67ED918B1C4CD49100829B7D /* PublicService.m in Sources */ = {isa = PBXBuildFile; fileRef = 67ED918A1C4CD49100829B7D /* PublicService.m */; };
		67ED918F1C4D159700829B7D /* MainTabBarController.m in Sources */ = {isa = PBXBuildFile; fileRef = 67ED918E1C4D159700829B7D /* MainTabBarController.m */; };
/* End PBXBuildFile section */

/* Begin PBXContainerItemProxy section */
		67BE60C81C48E80D0074BF7C /* PBXContainerItemProxy */ = {
			isa = PBXContainerItemProxy;
			containerPortal = 67BE60A31C48E80D0074BF7C /* Project object */;
			proxyType = 1;
			remoteGlobalIDString = 67BE60AA1C48E80D0074BF7C;
			remoteInfo = Wish;
		};
		67BE60D31C48E80D0074BF7C /* PBXContainerItemProxy */ = {
			isa = PBXContainerItemProxy;
			containerPortal = 67BE60A31C48E80D0074BF7C /* Project object */;
			proxyType = 1;
			remoteGlobalIDString = 67BE60AA1C48E80D0074BF7C;
			remoteInfo = Wish;
		};
/* End PBXContainerItemProxy section */

/* Begin PBXFileReference section */
		462F61F299973CBFB81823B2 /* libPods.a */ = {isa = PBXFileReference; explicitFileType = archive.ar; includeInIndex = 0; path = libPods.a; sourceTree = BUILT_PRODUCTS_DIR; };
		51EB699350C43C9EAEA969E9 /* Pods.release.xcconfig */ = {isa = PBXFileReference; includeInIndex = 1; lastKnownFileType = text.xcconfig; name = Pods.release.xcconfig; path = "Pods/Target Support Files/Pods/Pods.release.xcconfig"; sourceTree = "<group>"; };
		6700DE0F1C58E33D00380CB1 /* TPKeyboardAvoidingScrollView.h */ = {isa = PBXFileReference; fileEncoding = 4; lastKnownFileType = sourcecode.c.h; path = TPKeyboardAvoidingScrollView.h; sourceTree = "<group>"; };
		6700DE101C58E33D00380CB1 /* TPKeyboardAvoidingScrollView.m */ = {isa = PBXFileReference; fileEncoding = 4; lastKnownFileType = sourcecode.c.objc; path = TPKeyboardAvoidingScrollView.m; sourceTree = "<group>"; };
		6700DE121C58E37B00380CB1 /* UIScrollView+TPKeyboardAvoidingAdditions.m */ = {isa = PBXFileReference; fileEncoding = 4; lastKnownFileType = sourcecode.c.objc; path = "UIScrollView+TPKeyboardAvoidingAdditions.m"; sourceTree = "<group>"; };
		6700DE141C58E43400380CB1 /* UIScrollView+TPKeyboardAvoidingAdditions.h */ = {isa = PBXFileReference; fileEncoding = 4; lastKnownFileType = sourcecode.c.h; path = "UIScrollView+TPKeyboardAvoidingAdditions.h"; sourceTree = "<group>"; };
		6700DE151C5B548900380CB1 /* SignInViewController.h */ = {isa = PBXFileReference; fileEncoding = 4; lastKnownFileType = sourcecode.c.h; path = SignInViewController.h; sourceTree = "<group>"; };
		6700DE161C5B548900380CB1 /* SignInViewController.m */ = {isa = PBXFileReference; fileEncoding = 4; lastKnownFileType = sourcecode.c.objc; path = SignInViewController.m; sourceTree = "<group>"; };
		6700DE191C5B927000380CB1 /* DecorationObject.h */ = {isa = PBXFileReference; fileEncoding = 4; lastKnownFileType = sourcecode.c.h; path = DecorationObject.h; sourceTree = "<group>"; };
		6700DE1A1C5B927000380CB1 /* DecorationObject.m */ = {isa = PBXFileReference; fileEncoding = 4; lastKnownFileType = sourcecode.c.objc; path = DecorationObject.m; sourceTree = "<group>"; };
		6700DE221C5BA6D800380CB1 /* WebConfiguration.h */ = {isa = PBXFileReference; fileEncoding = 4; lastKnownFileType = sourcecode.c.h; path = WebConfiguration.h; sourceTree = "<group>"; };
		6700DE231C5BA6D800380CB1 /* WebConfiguration.m */ = {isa = PBXFileReference; fileEncoding = 4; lastKnownFileType = sourcecode.c.objc; path = WebConfiguration.m; sourceTree = "<group>"; };
		6700DE261C5F62D000380CB1 /* ColorDecorationCollectionViewCell.h */ = {isa = PBXFileReference; fileEncoding = 4; lastKnownFileType = sourcecode.c.h; path = ColorDecorationCollectionViewCell.h; sourceTree = "<group>"; };
		6700DE271C5F62D000380CB1 /* ColorDecorationCollectionViewCell.m */ = {isa = PBXFileReference; fileEncoding = 4; lastKnownFileType = sourcecode.c.objc; path = ColorDecorationCollectionViewCell.m; sourceTree = "<group>"; };
		6700DE291C5F62F400380CB1 /* ColorDecorationCellObject.h */ = {isa = PBXFileReference; fileEncoding = 4; lastKnownFileType = sourcecode.c.h; path = ColorDecorationCellObject.h; sourceTree = "<group>"; };
		6700DE2A1C5F62F400380CB1 /* ColorDecorationCellObject.m */ = {isa = PBXFileReference; fileEncoding = 4; lastKnownFileType = sourcecode.c.objc; path = ColorDecorationCellObject.m; sourceTree = "<group>"; };
		674853C61C6A074F001A499A /* BaseViewController.h */ = {isa = PBXFileReference; fileEncoding = 4; lastKnownFileType = sourcecode.c.h; path = BaseViewController.h; sourceTree = "<group>"; };
		674853C71C6A074F001A499A /* BaseViewController.m */ = {isa = PBXFileReference; fileEncoding = 4; lastKnownFileType = sourcecode.c.objc; path = BaseViewController.m; sourceTree = "<group>"; };
		6792E7BC1C52427F000DE98D /* LocalAuthentication.framework */ = {isa = PBXFileReference; lastKnownFileType = wrapper.framework; name = LocalAuthentication.framework; path = System/Library/Frameworks/LocalAuthentication.framework; sourceTree = SDKROOT; };
		6792E7BE1C52430A000DE98D /* WishUtils.h */ = {isa = PBXFileReference; fileEncoding = 4; lastKnownFileType = sourcecode.c.h; path = WishUtils.h; sourceTree = "<group>"; };
		6792E7BF1C52430A000DE98D /* WishUtils.m */ = {isa = PBXFileReference; fileEncoding = 4; lastKnownFileType = sourcecode.c.objc; path = WishUtils.m; sourceTree = "<group>"; };
		67BE60AB1C48E80D0074BF7C /* Wish.app */ = {isa = PBXFileReference; explicitFileType = wrapper.application; includeInIndex = 0; path = Wish.app; sourceTree = BUILT_PRODUCTS_DIR; };
		67BE60AF1C48E80D0074BF7C /* main.m */ = {isa = PBXFileReference; lastKnownFileType = sourcecode.c.objc; path = main.m; sourceTree = "<group>"; };
		67BE60B11C48E80D0074BF7C /* AppDelegate.h */ = {isa = PBXFileReference; lastKnownFileType = sourcecode.c.h; path = AppDelegate.h; sourceTree = "<group>"; };
		67BE60B21C48E80D0074BF7C /* AppDelegate.m */ = {isa = PBXFileReference; lastKnownFileType = sourcecode.c.objc; path = AppDelegate.m; sourceTree = "<group>"; };
		67BE60B41C48E80D0074BF7C /* ViewController.h */ = {isa = PBXFileReference; lastKnownFileType = sourcecode.c.h; path = ViewController.h; sourceTree = "<group>"; };
		67BE60B51C48E80D0074BF7C /* ViewController.m */ = {isa = PBXFileReference; lastKnownFileType = sourcecode.c.objc; path = ViewController.m; sourceTree = "<group>"; };
		67BE60B81C48E80D0074BF7C /* Base */ = {isa = PBXFileReference; lastKnownFileType = file.storyboard; name = Base; path = Base.lproj/Main.storyboard; sourceTree = "<group>"; };
		67BE60BB1C48E80D0074BF7C /* Wish.xcdatamodel */ = {isa = PBXFileReference; lastKnownFileType = wrapper.xcdatamodel; path = Wish.xcdatamodel; sourceTree = "<group>"; };
		67BE60BD1C48E80D0074BF7C /* Assets.xcassets */ = {isa = PBXFileReference; lastKnownFileType = folder.assetcatalog; path = Assets.xcassets; sourceTree = "<group>"; };
		67BE60C01C48E80D0074BF7C /* Base */ = {isa = PBXFileReference; lastKnownFileType = file.storyboard; name = Base; path = Base.lproj/LaunchScreen.storyboard; sourceTree = "<group>"; };
		67BE60C21C48E80D0074BF7C /* Info.plist */ = {isa = PBXFileReference; lastKnownFileType = text.plist.xml; path = Info.plist; sourceTree = "<group>"; };
		67BE60C71C48E80D0074BF7C /* WishTests.xctest */ = {isa = PBXFileReference; explicitFileType = wrapper.cfbundle; includeInIndex = 0; path = WishTests.xctest; sourceTree = BUILT_PRODUCTS_DIR; };
		67BE60CB1C48E80D0074BF7C /* WishTests.m */ = {isa = PBXFileReference; lastKnownFileType = sourcecode.c.objc; path = WishTests.m; sourceTree = "<group>"; };
		67BE60CD1C48E80D0074BF7C /* Info.plist */ = {isa = PBXFileReference; lastKnownFileType = text.plist.xml; path = Info.plist; sourceTree = "<group>"; };
		67BE60D21C48E80D0074BF7C /* WishUITests.xctest */ = {isa = PBXFileReference; explicitFileType = wrapper.cfbundle; includeInIndex = 0; path = WishUITests.xctest; sourceTree = BUILT_PRODUCTS_DIR; };
		67BE60D61C48E80D0074BF7C /* WishUITests.m */ = {isa = PBXFileReference; lastKnownFileType = sourcecode.c.objc; path = WishUITests.m; sourceTree = "<group>"; };
		67BE60D81C48E80D0074BF7C /* Info.plist */ = {isa = PBXFileReference; lastKnownFileType = text.plist.xml; path = Info.plist; sourceTree = "<group>"; };
		67C442FA1C56394A00B3311D /* RootNavigationController.h */ = {isa = PBXFileReference; fileEncoding = 4; lastKnownFileType = sourcecode.c.h; path = RootNavigationController.h; sourceTree = "<group>"; };
		67C442FB1C56394A00B3311D /* RootNavigationController.m */ = {isa = PBXFileReference; fileEncoding = 4; lastKnownFileType = sourcecode.c.objc; path = RootNavigationController.m; sourceTree = "<group>"; };
		67C442FE1C56692400B3311D /* CreateWishViewController.h */ = {isa = PBXFileReference; fileEncoding = 4; lastKnownFileType = sourcecode.c.h; path = CreateWishViewController.h; sourceTree = "<group>"; };
		67C442FF1C56692400B3311D /* CreateWishViewController.m */ = {isa = PBXFileReference; fileEncoding = 4; lastKnownFileType = sourcecode.c.objc; path = CreateWishViewController.m; sourceTree = "<group>"; };
		67C443021C567FD100B3311D /* WishListViewController.h */ = {isa = PBXFileReference; fileEncoding = 4; lastKnownFileType = sourcecode.c.h; path = WishListViewController.h; sourceTree = "<group>"; };
		67C443031C567FD100B3311D /* WishListViewController.m */ = {isa = PBXFileReference; fileEncoding = 4; lastKnownFileType = sourcecode.c.objc; path = WishListViewController.m; sourceTree = "<group>"; };
		67C443051C567FFE00B3311D /* WishSearchViewController.h */ = {isa = PBXFileReference; fileEncoding = 4; lastKnownFileType = sourcecode.c.h; path = WishSearchViewController.h; sourceTree = "<group>"; };
		67C443061C567FFE00B3311D /* WishSearchViewController.m */ = {isa = PBXFileReference; fileEncoding = 4; lastKnownFileType = sourcecode.c.objc; path = WishSearchViewController.m; sourceTree = "<group>"; };
		67C443081C56803E00B3311D /* LikedWishesViewController.h */ = {isa = PBXFileReference; fileEncoding = 4; lastKnownFileType = sourcecode.c.h; path = LikedWishesViewController.h; sourceTree = "<group>"; };
		67C443091C56803E00B3311D /* LikedWishesViewController.m */ = {isa = PBXFileReference; fileEncoding = 4; lastKnownFileType = sourcecode.c.objc; path = LikedWishesViewController.m; sourceTree = "<group>"; };
		67C4430C1C56806400B3311D /* MyWishesViewController.h */ = {isa = PBXFileReference; fileEncoding = 4; lastKnownFileType = sourcecode.c.h; path = MyWishesViewController.h; sourceTree = "<group>"; };
		67C4430D1C56806400B3311D /* MyWishesViewController.m */ = {isa = PBXFileReference; fileEncoding = 4; lastKnownFileType = sourcecode.c.objc; path = MyWishesViewController.m; sourceTree = "<group>"; };
		67C443131C578F3400B3311D /* SignUpViewController.h */ = {isa = PBXFileReference; fileEncoding = 4; lastKnownFileType = sourcecode.c.h; path = SignUpViewController.h; sourceTree = "<group>"; };
		67C443141C578F3400B3311D /* SignUpViewController.m */ = {isa = PBXFileReference; fileEncoding = 4; lastKnownFileType = sourcecode.c.objc; path = SignUpViewController.m; sourceTree = "<group>"; };
		67C72FA91C523D4400BE30F1 /* Configuration.h */ = {isa = PBXFileReference; fileEncoding = 4; lastKnownFileType = sourcecode.c.h; path = Configuration.h; sourceTree = "<group>"; };
		67C72FAA1C523D4400BE30F1 /* Configuration.m */ = {isa = PBXFileReference; fileEncoding = 4; lastKnownFileType = sourcecode.c.objc; path = Configuration.m; sourceTree = "<group>"; };
		67C72FAC1C523EB700BE30F1 /* Definitions.h */ = {isa = PBXFileReference; fileEncoding = 4; lastKnownFileType = sourcecode.c.h; path = Definitions.h; sourceTree = "<group>"; };
		67DEB56E1C609CE200ADB66A /* UIView+Toast.h */ = {isa = PBXFileReference; fileEncoding = 4; lastKnownFileType = sourcecode.c.h; path = "UIView+Toast.h"; sourceTree = "<group>"; };
		67DEB56F1C609CE200ADB66A /* UIView+Toast.m */ = {isa = PBXFileReference; fileEncoding = 4; lastKnownFileType = sourcecode.c.objc; path = "UIView+Toast.m"; sourceTree = "<group>"; };
		67DEB5711C61E8ED00ADB66A /* WishObject.h */ = {isa = PBXFileReference; fileEncoding = 4; lastKnownFileType = sourcecode.c.h; path = WishObject.h; sourceTree = "<group>"; };
		67DEB5721C61E8ED00ADB66A /* WishObject.m */ = {isa = PBXFileReference; fileEncoding = 4; lastKnownFileType = sourcecode.c.objc; path = WishObject.m; sourceTree = "<group>"; };
		67DEB5741C61EF5D00ADB66A /* WishTableViewCell.h */ = {isa = PBXFileReference; fileEncoding = 4; lastKnownFileType = sourcecode.c.h; path = WishTableViewCell.h; sourceTree = "<group>"; };
		67DEB5751C61EF5D00ADB66A /* WishTableViewCell.m */ = {isa = PBXFileReference; fileEncoding = 4; lastKnownFileType = sourcecode.c.objc; path = WishTableViewCell.m; sourceTree = "<group>"; };
		67ED91851C4CD21500829B7D /* PrivateService.h */ = {isa = PBXFileReference; fileEncoding = 4; lastKnownFileType = sourcecode.c.h; path = PrivateService.h; sourceTree = "<group>"; };
		67ED91861C4CD21500829B7D /* PrivateService.m */ = {isa = PBXFileReference; fileEncoding = 4; lastKnownFileType = sourcecode.c.objc; path = PrivateService.m; sourceTree = "<group>"; };
		67ED91891C4CD49100829B7D /* PublicService.h */ = {isa = PBXFileReference; fileEncoding = 4; lastKnownFileType = sourcecode.c.h; path = PublicService.h; sourceTree = "<group>"; };
		67ED918A1C4CD49100829B7D /* PublicService.m */ = {isa = PBXFileReference; fileEncoding = 4; lastKnownFileType = sourcecode.c.objc; path = PublicService.m; sourceTree = "<group>"; };
		67ED918D1C4D159700829B7D /* MainTabBarController.h */ = {isa = PBXFileReference; fileEncoding = 4; lastKnownFileType = sourcecode.c.h; path = MainTabBarController.h; sourceTree = "<group>"; };
		67ED918E1C4D159700829B7D /* MainTabBarController.m */ = {isa = PBXFileReference; fileEncoding = 4; lastKnownFileType = sourcecode.c.objc; path = MainTabBarController.m; sourceTree = "<group>"; };
		F48B1642333CEBCC4841CF56 /* Pods.debug.xcconfig */ = {isa = PBXFileReference; includeInIndex = 1; lastKnownFileType = text.xcconfig; name = Pods.debug.xcconfig; path = "Pods/Target Support Files/Pods/Pods.debug.xcconfig"; sourceTree = "<group>"; };
/* End PBXFileReference section */

/* Begin PBXFrameworksBuildPhase section */
		67BE60A81C48E80D0074BF7C /* Frameworks */ = {
			isa = PBXFrameworksBuildPhase;
			buildActionMask = 2147483647;
			files = (
				6792E7BD1C52427F000DE98D /* LocalAuthentication.framework in Frameworks */,
				3B32C5CB931185FB9F014B98 /* libPods.a in Frameworks */,
			);
			runOnlyForDeploymentPostprocessing = 0;
		};
		67BE60C41C48E80D0074BF7C /* Frameworks */ = {
			isa = PBXFrameworksBuildPhase;
			buildActionMask = 2147483647;
			files = (
			);
			runOnlyForDeploymentPostprocessing = 0;
		};
		67BE60CF1C48E80D0074BF7C /* Frameworks */ = {
			isa = PBXFrameworksBuildPhase;
			buildActionMask = 2147483647;
			files = (
			);
			runOnlyForDeploymentPostprocessing = 0;
		};
/* End PBXFrameworksBuildPhase section */

/* Begin PBXGroup section */
		18D714BF4531E16B09EA3633 /* Pods */ = {
			isa = PBXGroup;
			children = (
				F48B1642333CEBCC4841CF56 /* Pods.debug.xcconfig */,
				51EB699350C43C9EAEA969E9 /* Pods.release.xcconfig */,
			);
			name = Pods;
			sourceTree = "<group>";
		};
		6700DE0E1C58E2A100380CB1 /* 3rd Part */ = {
			isa = PBXGroup;
			children = (
				6700DE0F1C58E33D00380CB1 /* TPKeyboardAvoidingScrollView.h */,
				6700DE101C58E33D00380CB1 /* TPKeyboardAvoidingScrollView.m */,
				6700DE121C58E37B00380CB1 /* UIScrollView+TPKeyboardAvoidingAdditions.m */,
				6700DE141C58E43400380CB1 /* UIScrollView+TPKeyboardAvoidingAdditions.h */,
			);
			path = "3rd Part";
			sourceTree = "<group>";
		};
		6700DE181C5B923D00380CB1 /* Objects */ = {
			isa = PBXGroup;
			children = (
				6700DE191C5B927000380CB1 /* DecorationObject.h */,
				6700DE1A1C5B927000380CB1 /* DecorationObject.m */,
				6700DE291C5F62F400380CB1 /* ColorDecorationCellObject.h */,
				6700DE2A1C5F62F400380CB1 /* ColorDecorationCellObject.m */,
				67DEB5711C61E8ED00ADB66A /* WishObject.h */,
				67DEB5721C61E8ED00ADB66A /* WishObject.m */,
			);
			path = Objects;
			sourceTree = "<group>";
		};
		6700DE251C5F629100380CB1 /* CustomCells */ = {
			isa = PBXGroup;
			children = (
				6700DE261C5F62D000380CB1 /* ColorDecorationCollectionViewCell.h */,
				6700DE271C5F62D000380CB1 /* ColorDecorationCollectionViewCell.m */,
				67DEB5741C61EF5D00ADB66A /* WishTableViewCell.h */,
				67DEB5751C61EF5D00ADB66A /* WishTableViewCell.m */,
			);
			path = CustomCells;
			sourceTree = "<group>";
		};
		67BE60A21C48E80D0074BF7C = {
			isa = PBXGroup;
			children = (
				67BE60AD1C48E80D0074BF7C /* Wish */,
				67BE60CA1C48E80D0074BF7C /* WishTests */,
				67BE60D51C48E80D0074BF7C /* WishUITests */,
				67BE60AC1C48E80D0074BF7C /* Products */,
				18D714BF4531E16B09EA3633 /* Pods */,
				FC614C1C45979106770ACFE0 /* Frameworks */,
			);
			sourceTree = "<group>";
		};
		67BE60AC1C48E80D0074BF7C /* Products */ = {
			isa = PBXGroup;
			children = (
				67BE60AB1C48E80D0074BF7C /* Wish.app */,
				67BE60C71C48E80D0074BF7C /* WishTests.xctest */,
				67BE60D21C48E80D0074BF7C /* WishUITests.xctest */,
			);
			name = Products;
			sourceTree = "<group>";
		};
		67BE60AD1C48E80D0074BF7C /* Wish */ = {
			isa = PBXGroup;
			children = (
				67DEB56D1C609CBB00ADB66A /* Categories */,
				6700DE251C5F629100380CB1 /* CustomCells */,
				6700DE181C5B923D00380CB1 /* Objects */,
				67ED91821C4CD21500829B7D /* WebServiceAdapters */,
				6700DE0E1C58E2A100380CB1 /* 3rd Part */,
				67C72FA81C523CFF00BE30F1 /* Utils */,
				67ED918C1C4D156F00829B7D /* ViewControllers */,
				67BE60B11C48E80D0074BF7C /* AppDelegate.h */,
				67BE60B21C48E80D0074BF7C /* AppDelegate.m */,
				67BE60B41C48E80D0074BF7C /* ViewController.h */,
				67BE60B51C48E80D0074BF7C /* ViewController.m */,
				67BE60B71C48E80D0074BF7C /* Main.storyboard */,
				67BE60BD1C48E80D0074BF7C /* Assets.xcassets */,
				67BE60BF1C48E80D0074BF7C /* LaunchScreen.storyboard */,
				67BE60C21C48E80D0074BF7C /* Info.plist */,
				67BE60BA1C48E80D0074BF7C /* Wish.xcdatamodeld */,
				67BE60AE1C48E80D0074BF7C /* Supporting Files */,
			);
			path = Wish;
			sourceTree = "<group>";
		};
		67BE60AE1C48E80D0074BF7C /* Supporting Files */ = {
			isa = PBXGroup;
			children = (
				67BE60AF1C48E80D0074BF7C /* main.m */,
			);
			name = "Supporting Files";
			sourceTree = "<group>";
		};
		67BE60CA1C48E80D0074BF7C /* WishTests */ = {
			isa = PBXGroup;
			children = (
				67BE60CB1C48E80D0074BF7C /* WishTests.m */,
				67BE60CD1C48E80D0074BF7C /* Info.plist */,
			);
			path = WishTests;
			sourceTree = "<group>";
		};
		67BE60D51C48E80D0074BF7C /* WishUITests */ = {
			isa = PBXGroup;
			children = (
				67BE60D61C48E80D0074BF7C /* WishUITests.m */,
				67BE60D81C48E80D0074BF7C /* Info.plist */,
			);
			path = WishUITests;
			sourceTree = "<group>";
		};
		67C442FD1C56689C00B3311D /* CreateWishViewController */ = {
			isa = PBXGroup;
			children = (
				67C442FE1C56692400B3311D /* CreateWishViewController.h */,
				67C442FF1C56692400B3311D /* CreateWishViewController.m */,
				67C443131C578F3400B3311D /* SignUpViewController.h */,
				67C443141C578F3400B3311D /* SignUpViewController.m */,
				6700DE151C5B548900380CB1 /* SignInViewController.h */,
				6700DE161C5B548900380CB1 /* SignInViewController.m */,
			);
			path = CreateWishViewController;
			sourceTree = "<group>";
		};
		67C443011C567FB200B3311D /* TabBarViewControllers */ = {
			isa = PBXGroup;
			children = (
				67C443021C567FD100B3311D /* WishListViewController.h */,
				67C443031C567FD100B3311D /* WishListViewController.m */,
				67C443051C567FFE00B3311D /* WishSearchViewController.h */,
				67C443061C567FFE00B3311D /* WishSearchViewController.m */,
				67C443081C56803E00B3311D /* LikedWishesViewController.h */,
				67C443091C56803E00B3311D /* LikedWishesViewController.m */,
				67C4430C1C56806400B3311D /* MyWishesViewController.h */,
				67C4430D1C56806400B3311D /* MyWishesViewController.m */,
			);
			path = TabBarViewControllers;
			sourceTree = "<group>";
		};
		67C72FA81C523CFF00BE30F1 /* Utils */ = {
			isa = PBXGroup;
			children = (
				67C72FAC1C523EB700BE30F1 /* Definitions.h */,
				67C72FA91C523D4400BE30F1 /* Configuration.h */,
				67C72FAA1C523D4400BE30F1 /* Configuration.m */,
				6792E7BE1C52430A000DE98D /* WishUtils.h */,
				6792E7BF1C52430A000DE98D /* WishUtils.m */,
				6700DE221C5BA6D800380CB1 /* WebConfiguration.h */,
				6700DE231C5BA6D800380CB1 /* WebConfiguration.m */,
			);
			path = Utils;
			sourceTree = "<group>";
		};
		67DEB56D1C609CBB00ADB66A /* Categories */ = {
			isa = PBXGroup;
			children = (
				67DEB56E1C609CE200ADB66A /* UIView+Toast.h */,
				67DEB56F1C609CE200ADB66A /* UIView+Toast.m */,
			);
			path = Categories;
			sourceTree = "<group>";
		};
		67ED91821C4CD21500829B7D /* WebServiceAdapters */ = {
			isa = PBXGroup;
			children = (
				67ED91851C4CD21500829B7D /* PrivateService.h */,
				67ED91861C4CD21500829B7D /* PrivateService.m */,
				67ED91891C4CD49100829B7D /* PublicService.h */,
				67ED918A1C4CD49100829B7D /* PublicService.m */,
			);
			path = WebServiceAdapters;
			sourceTree = "<group>";
		};
		67ED918C1C4D156F00829B7D /* ViewControllers */ = {
			isa = PBXGroup;
			children = (
				67C443011C567FB200B3311D /* TabBarViewControllers */,
				67C442FD1C56689C00B3311D /* CreateWishViewController */,
				67ED918D1C4D159700829B7D /* MainTabBarController.h */,
				67ED918E1C4D159700829B7D /* MainTabBarController.m */,
				67C442FA1C56394A00B3311D /* RootNavigationController.h */,
				67C442FB1C56394A00B3311D /* RootNavigationController.m */,
				674853C61C6A074F001A499A /* BaseViewController.h */,
				674853C71C6A074F001A499A /* BaseViewController.m */,
			);
			path = ViewControllers;
			sourceTree = "<group>";
		};
		FC614C1C45979106770ACFE0 /* Frameworks */ = {
			isa = PBXGroup;
			children = (
				6792E7BC1C52427F000DE98D /* LocalAuthentication.framework */,
				462F61F299973CBFB81823B2 /* libPods.a */,
			);
			name = Frameworks;
			sourceTree = "<group>";
		};
/* End PBXGroup section */

/* Begin PBXNativeTarget section */
		67BE60AA1C48E80D0074BF7C /* Wish */ = {
			isa = PBXNativeTarget;
			buildConfigurationList = 67BE60DB1C48E80D0074BF7C /* Build configuration list for PBXNativeTarget "Wish" */;
			buildPhases = (
				36654F17DBC19CF61C9C0D49 /* Check Pods Manifest.lock */,
				67BE60A71C48E80D0074BF7C /* Sources */,
				67BE60A81C48E80D0074BF7C /* Frameworks */,
				67BE60A91C48E80D0074BF7C /* Resources */,
				12AB4471EA54B046752C463A /* Embed Pods Frameworks */,
				C8875A77256A67412A4AA2EF /* Copy Pods Resources */,
			);
			buildRules = (
			);
			dependencies = (
			);
			name = Wish;
			productName = Wish;
			productReference = 67BE60AB1C48E80D0074BF7C /* Wish.app */;
			productType = "com.apple.product-type.application";
		};
		67BE60C61C48E80D0074BF7C /* WishTests */ = {
			isa = PBXNativeTarget;
			buildConfigurationList = 67BE60DE1C48E80D0074BF7C /* Build configuration list for PBXNativeTarget "WishTests" */;
			buildPhases = (
				67BE60C31C48E80D0074BF7C /* Sources */,
				67BE60C41C48E80D0074BF7C /* Frameworks */,
				67BE60C51C48E80D0074BF7C /* Resources */,
			);
			buildRules = (
			);
			dependencies = (
				67BE60C91C48E80D0074BF7C /* PBXTargetDependency */,
			);
			name = WishTests;
			productName = WishTests;
			productReference = 67BE60C71C48E80D0074BF7C /* WishTests.xctest */;
			productType = "com.apple.product-type.bundle.unit-test";
		};
		67BE60D11C48E80D0074BF7C /* WishUITests */ = {
			isa = PBXNativeTarget;
			buildConfigurationList = 67BE60E11C48E80D0074BF7C /* Build configuration list for PBXNativeTarget "WishUITests" */;
			buildPhases = (
				67BE60CE1C48E80D0074BF7C /* Sources */,
				67BE60CF1C48E80D0074BF7C /* Frameworks */,
				67BE60D01C48E80D0074BF7C /* Resources */,
			);
			buildRules = (
			);
			dependencies = (
				67BE60D41C48E80D0074BF7C /* PBXTargetDependency */,
			);
			name = WishUITests;
			productName = WishUITests;
			productReference = 67BE60D21C48E80D0074BF7C /* WishUITests.xctest */;
			productType = "com.apple.product-type.bundle.ui-testing";
		};
/* End PBXNativeTarget section */

/* Begin PBXProject section */
		67BE60A31C48E80D0074BF7C /* Project object */ = {
			isa = PBXProject;
			attributes = {
				LastUpgradeCheck = 0720;
				ORGANIZATIONNAME = TLab;
				TargetAttributes = {
					67BE60AA1C48E80D0074BF7C = {
						CreatedOnToolsVersion = 7.2;
					};
					67BE60C61C48E80D0074BF7C = {
						CreatedOnToolsVersion = 7.2;
						TestTargetID = 67BE60AA1C48E80D0074BF7C;
					};
					67BE60D11C48E80D0074BF7C = {
						CreatedOnToolsVersion = 7.2;
						TestTargetID = 67BE60AA1C48E80D0074BF7C;
					};
				};
			};
			buildConfigurationList = 67BE60A61C48E80D0074BF7C /* Build configuration list for PBXProject "Wish" */;
			compatibilityVersion = "Xcode 3.2";
			developmentRegion = English;
			hasScannedForEncodings = 0;
			knownRegions = (
				en,
				Base,
			);
			mainGroup = 67BE60A21C48E80D0074BF7C;
			productRefGroup = 67BE60AC1C48E80D0074BF7C /* Products */;
			projectDirPath = "";
			projectRoot = "";
			targets = (
				67BE60AA1C48E80D0074BF7C /* Wish */,
				67BE60C61C48E80D0074BF7C /* WishTests */,
				67BE60D11C48E80D0074BF7C /* WishUITests */,
			);
		};
/* End PBXProject section */

/* Begin PBXResourcesBuildPhase section */
		67BE60A91C48E80D0074BF7C /* Resources */ = {
			isa = PBXResourcesBuildPhase;
			buildActionMask = 2147483647;
			files = (
				67BE60C11C48E80D0074BF7C /* LaunchScreen.storyboard in Resources */,
				67BE60BE1C48E80D0074BF7C /* Assets.xcassets in Resources */,
				67BE60B91C48E80D0074BF7C /* Main.storyboard in Resources */,
			);
			runOnlyForDeploymentPostprocessing = 0;
		};
		67BE60C51C48E80D0074BF7C /* Resources */ = {
			isa = PBXResourcesBuildPhase;
			buildActionMask = 2147483647;
			files = (
			);
			runOnlyForDeploymentPostprocessing = 0;
		};
		67BE60D01C48E80D0074BF7C /* Resources */ = {
			isa = PBXResourcesBuildPhase;
			buildActionMask = 2147483647;
			files = (
			);
			runOnlyForDeploymentPostprocessing = 0;
		};
/* End PBXResourcesBuildPhase section */

/* Begin PBXShellScriptBuildPhase section */
		12AB4471EA54B046752C463A /* Embed Pods Frameworks */ = {
			isa = PBXShellScriptBuildPhase;
			buildActionMask = 2147483647;
			files = (
			);
			inputPaths = (
			);
			name = "Embed Pods Frameworks";
			outputPaths = (
			);
			runOnlyForDeploymentPostprocessing = 0;
			shellPath = /bin/sh;
			shellScript = "\"${SRCROOT}/Pods/Target Support Files/Pods/Pods-frameworks.sh\"\n";
			showEnvVarsInLog = 0;
		};
		36654F17DBC19CF61C9C0D49 /* Check Pods Manifest.lock */ = {
			isa = PBXShellScriptBuildPhase;
			buildActionMask = 2147483647;
			files = (
			);
			inputPaths = (
			);
			name = "Check Pods Manifest.lock";
			outputPaths = (
			);
			runOnlyForDeploymentPostprocessing = 0;
			shellPath = /bin/sh;
			shellScript = "diff \"${PODS_ROOT}/../Podfile.lock\" \"${PODS_ROOT}/Manifest.lock\" > /dev/null\nif [[ $? != 0 ]] ; then\n    cat << EOM\nerror: The sandbox is not in sync with the Podfile.lock. Run 'pod install' or update your CocoaPods installation.\nEOM\n    exit 1\nfi\n";
			showEnvVarsInLog = 0;
		};
		C8875A77256A67412A4AA2EF /* Copy Pods Resources */ = {
			isa = PBXShellScriptBuildPhase;
			buildActionMask = 2147483647;
			files = (
			);
			inputPaths = (
			);
			name = "Copy Pods Resources";
			outputPaths = (
			);
			runOnlyForDeploymentPostprocessing = 0;
			shellPath = /bin/sh;
			shellScript = "\"${SRCROOT}/Pods/Target Support Files/Pods/Pods-resources.sh\"\n";
			showEnvVarsInLog = 0;
		};
/* End PBXShellScriptBuildPhase section */

/* Begin PBXSourcesBuildPhase section */
		67BE60A71C48E80D0074BF7C /* Sources */ = {
			isa = PBXSourcesBuildPhase;
			buildActionMask = 2147483647;
			files = (
				67DEB5701C609CE200ADB66A /* UIView+Toast.m in Sources */,
				6700DE1B1C5B927000380CB1 /* DecorationObject.m in Sources */,
				6700DE171C5B548900380CB1 /* SignInViewController.m in Sources */,
				67C443041C567FD100B3311D /* WishListViewController.m in Sources */,
				67C72FAB1C523D4500BE30F1 /* Configuration.m in Sources */,
				6700DE2B1C5F62F400380CB1 /* ColorDecorationCellObject.m in Sources */,
				67ED918B1C4CD49100829B7D /* PublicService.m in Sources */,
				67C443151C578F3400B3311D /* SignUpViewController.m in Sources */,
				67C443001C56692400B3311D /* CreateWishViewController.m in Sources */,
				67C443071C567FFE00B3311D /* WishSearchViewController.m in Sources */,
				67DEB5761C61EF5D00ADB66A /* WishTableViewCell.m in Sources */,
				67DEB5731C61E8ED00ADB66A /* WishObject.m in Sources */,
				67BE60BC1C48E80D0074BF7C /* Wish.xcdatamodeld in Sources */,
				6700DE131C58E37B00380CB1 /* UIScrollView+TPKeyboardAvoidingAdditions.m in Sources */,
				67C4430A1C56803E00B3311D /* LikedWishesViewController.m in Sources */,
				67BE60B61C48E80D0074BF7C /* ViewController.m in Sources */,
				67C442FC1C56394A00B3311D /* RootNavigationController.m in Sources */,
				67BE60B31C48E80D0074BF7C /* AppDelegate.m in Sources */,
				6700DE241C5BA6D800380CB1 /* WebConfiguration.m in Sources */,
				674853C81C6A074F001A499A /* BaseViewController.m in Sources */,
				67C4430E1C56806400B3311D /* MyWishesViewController.m in Sources */,
				67BE60B01C48E80D0074BF7C /* main.m in Sources */,
				67ED918F1C4D159700829B7D /* MainTabBarController.m in Sources */,
				6700DE111C58E33D00380CB1 /* TPKeyboardAvoidingScrollView.m in Sources */,
				6792E7C01C52430A000DE98D /* WishUtils.m in Sources */,
				6700DE281C5F62D000380CB1 /* ColorDecorationCollectionViewCell.m in Sources */,
				67ED91881C4CD21500829B7D /* PrivateService.m in Sources */,
			);
			runOnlyForDeploymentPostprocessing = 0;
		};
		67BE60C31C48E80D0074BF7C /* Sources */ = {
			isa = PBXSourcesBuildPhase;
			buildActionMask = 2147483647;
			files = (
				67BE60CC1C48E80D0074BF7C /* WishTests.m in Sources */,
			);
			runOnlyForDeploymentPostprocessing = 0;
		};
		67BE60CE1C48E80D0074BF7C /* Sources */ = {
			isa = PBXSourcesBuildPhase;
			buildActionMask = 2147483647;
			files = (
				67BE60D71C48E80D0074BF7C /* WishUITests.m in Sources */,
			);
			runOnlyForDeploymentPostprocessing = 0;
		};
/* End PBXSourcesBuildPhase section */

/* Begin PBXTargetDependency section */
		67BE60C91C48E80D0074BF7C /* PBXTargetDependency */ = {
			isa = PBXTargetDependency;
			target = 67BE60AA1C48E80D0074BF7C /* Wish */;
			targetProxy = 67BE60C81C48E80D0074BF7C /* PBXContainerItemProxy */;
		};
		67BE60D41C48E80D0074BF7C /* PBXTargetDependency */ = {
			isa = PBXTargetDependency;
			target = 67BE60AA1C48E80D0074BF7C /* Wish */;
			targetProxy = 67BE60D31C48E80D0074BF7C /* PBXContainerItemProxy */;
		};
/* End PBXTargetDependency section */

/* Begin PBXVariantGroup section */
		67BE60B71C48E80D0074BF7C /* Main.storyboard */ = {
			isa = PBXVariantGroup;
			children = (
				67BE60B81C48E80D0074BF7C /* Base */,
			);
			name = Main.storyboard;
			sourceTree = "<group>";
		};
		67BE60BF1C48E80D0074BF7C /* LaunchScreen.storyboard */ = {
			isa = PBXVariantGroup;
			children = (
				67BE60C01C48E80D0074BF7C /* Base */,
			);
			name = LaunchScreen.storyboard;
			sourceTree = "<group>";
		};
/* End PBXVariantGroup section */

/* Begin XCBuildConfiguration section */
		67BE60D91C48E80D0074BF7C /* Debug */ = {
			isa = XCBuildConfiguration;
			buildSettings = {
				ALWAYS_SEARCH_USER_PATHS = NO;
				CLANG_CXX_LANGUAGE_STANDARD = "gnu++0x";
				CLANG_CXX_LIBRARY = "libc++";
				CLANG_ENABLE_MODULES = YES;
				CLANG_ENABLE_OBJC_ARC = YES;
				CLANG_WARN_BOOL_CONVERSION = YES;
				CLANG_WARN_CONSTANT_CONVERSION = YES;
				CLANG_WARN_DIRECT_OBJC_ISA_USAGE = YES_ERROR;
				CLANG_WARN_EMPTY_BODY = YES;
				CLANG_WARN_ENUM_CONVERSION = YES;
				CLANG_WARN_INT_CONVERSION = YES;
				CLANG_WARN_OBJC_ROOT_CLASS = YES_ERROR;
				CLANG_WARN_UNREACHABLE_CODE = YES;
				CLANG_WARN__DUPLICATE_METHOD_MATCH = YES;
				"CODE_SIGN_IDENTITY[sdk=iphoneos*]" = "iPhone Developer";
				COPY_PHASE_STRIP = NO;
				DEBUG_INFORMATION_FORMAT = dwarf;
				ENABLE_STRICT_OBJC_MSGSEND = YES;
				ENABLE_TESTABILITY = YES;
				GCC_C_LANGUAGE_STANDARD = gnu99;
				GCC_DYNAMIC_NO_PIC = NO;
				GCC_NO_COMMON_BLOCKS = YES;
				GCC_OPTIMIZATION_LEVEL = 0;
				GCC_PREPROCESSOR_DEFINITIONS = (
					"DEBUG=1",
					"$(inherited)",
				);
				GCC_WARN_64_TO_32_BIT_CONVERSION = YES;
				GCC_WARN_ABOUT_RETURN_TYPE = YES_ERROR;
				GCC_WARN_UNDECLARED_SELECTOR = YES;
				GCC_WARN_UNINITIALIZED_AUTOS = YES_AGGRESSIVE;
				GCC_WARN_UNUSED_FUNCTION = YES;
				GCC_WARN_UNUSED_VARIABLE = YES;
				IPHONEOS_DEPLOYMENT_TARGET = 9.2;
				MTL_ENABLE_DEBUG_INFO = YES;
				ONLY_ACTIVE_ARCH = YES;
				SDKROOT = iphoneos;
				TARGETED_DEVICE_FAMILY = "1,2";
			};
			name = Debug;
		};
		67BE60DA1C48E80D0074BF7C /* Release */ = {
			isa = XCBuildConfiguration;
			buildSettings = {
				ALWAYS_SEARCH_USER_PATHS = NO;
				CLANG_CXX_LANGUAGE_STANDARD = "gnu++0x";
				CLANG_CXX_LIBRARY = "libc++";
				CLANG_ENABLE_MODULES = YES;
				CLANG_ENABLE_OBJC_ARC = YES;
				CLANG_WARN_BOOL_CONVERSION = YES;
				CLANG_WARN_CONSTANT_CONVERSION = YES;
				CLANG_WARN_DIRECT_OBJC_ISA_USAGE = YES_ERROR;
				CLANG_WARN_EMPTY_BODY = YES;
				CLANG_WARN_ENUM_CONVERSION = YES;
				CLANG_WARN_INT_CONVERSION = YES;
				CLANG_WARN_OBJC_ROOT_CLASS = YES_ERROR;
				CLANG_WARN_UNREACHABLE_CODE = YES;
				CLANG_WARN__DUPLICATE_METHOD_MATCH = YES;
				"CODE_SIGN_IDENTITY[sdk=iphoneos*]" = "iPhone Developer";
				COPY_PHASE_STRIP = NO;
				DEBUG_INFORMATION_FORMAT = "dwarf-with-dsym";
				ENABLE_NS_ASSERTIONS = NO;
				ENABLE_STRICT_OBJC_MSGSEND = YES;
				GCC_C_LANGUAGE_STANDARD = gnu99;
				GCC_NO_COMMON_BLOCKS = YES;
				GCC_WARN_64_TO_32_BIT_CONVERSION = YES;
				GCC_WARN_ABOUT_RETURN_TYPE = YES_ERROR;
				GCC_WARN_UNDECLARED_SELECTOR = YES;
				GCC_WARN_UNINITIALIZED_AUTOS = YES_AGGRESSIVE;
				GCC_WARN_UNUSED_FUNCTION = YES;
				GCC_WARN_UNUSED_VARIABLE = YES;
				IPHONEOS_DEPLOYMENT_TARGET = 9.2;
				MTL_ENABLE_DEBUG_INFO = NO;
				SDKROOT = iphoneos;
				TARGETED_DEVICE_FAMILY = "1,2";
				VALIDATE_PRODUCT = YES;
			};
			name = Release;
		};
		67BE60DC1C48E80D0074BF7C /* Debug */ = {
			isa = XCBuildConfiguration;
			baseConfigurationReference = F48B1642333CEBCC4841CF56 /* Pods.debug.xcconfig */;
			buildSettings = {
				ASSETCATALOG_COMPILER_APPICON_NAME = AppIcon;
				INFOPLIST_FILE = Wish/Info.plist;
				LD_RUNPATH_SEARCH_PATHS = "$(inherited) @executable_path/Frameworks";
				PRODUCT_BUNDLE_IDENTIFIER = com.Tlab.Wish;
				PRODUCT_NAME = "$(TARGET_NAME)";
				TARGETED_DEVICE_FAMILY = "1,2";
			};
			name = Debug;
		};
		67BE60DD1C48E80D0074BF7C /* Release */ = {
			isa = XCBuildConfiguration;
			baseConfigurationReference = 51EB699350C43C9EAEA969E9 /* Pods.release.xcconfig */;
			buildSettings = {
				ASSETCATALOG_COMPILER_APPICON_NAME = AppIcon;
				INFOPLIST_FILE = Wish/Info.plist;
				LD_RUNPATH_SEARCH_PATHS = "$(inherited) @executable_path/Frameworks";
				PRODUCT_BUNDLE_IDENTIFIER = com.Tlab.Wish;
				PRODUCT_NAME = "$(TARGET_NAME)";
				TARGETED_DEVICE_FAMILY = "1,2";
			};
			name = Release;
		};
		67BE60DF1C48E80D0074BF7C /* Debug */ = {
			isa = XCBuildConfiguration;
			buildSettings = {
				BUNDLE_LOADER = "$(TEST_HOST)";
				INFOPLIST_FILE = WishTests/Info.plist;
				LD_RUNPATH_SEARCH_PATHS = "$(inherited) @executable_path/Frameworks @loader_path/Frameworks";
				PRODUCT_BUNDLE_IDENTIFIER = com.Tlab.WishTests;
				PRODUCT_NAME = "$(TARGET_NAME)";
				TEST_HOST = "$(BUILT_PRODUCTS_DIR)/Wish.app/Wish";
			};
			name = Debug;
		};
		67BE60E01C48E80D0074BF7C /* Release */ = {
			isa = XCBuildConfiguration;
			buildSettings = {
				BUNDLE_LOADER = "$(TEST_HOST)";
				INFOPLIST_FILE = WishTests/Info.plist;
				LD_RUNPATH_SEARCH_PATHS = "$(inherited) @executable_path/Frameworks @loader_path/Frameworks";
				PRODUCT_BUNDLE_IDENTIFIER = com.Tlab.WishTests;
				PRODUCT_NAME = "$(TARGET_NAME)";
				TEST_HOST = "$(BUILT_PRODUCTS_DIR)/Wish.app/Wish";
			};
			name = Release;
		};
		67BE60E21C48E80D0074BF7C /* Debug */ = {
			isa = XCBuildConfiguration;
			buildSettings = {
				INFOPLIST_FILE = WishUITests/Info.plist;
				LD_RUNPATH_SEARCH_PATHS = "$(inherited) @executable_path/Frameworks @loader_path/Frameworks";
				PRODUCT_BUNDLE_IDENTIFIER = com.Tlab.WishUITests;
				PRODUCT_NAME = "$(TARGET_NAME)";
				TEST_TARGET_NAME = Wish;
				USES_XCTRUNNER = YES;
			};
			name = Debug;
		};
		67BE60E31C48E80D0074BF7C /* Release */ = {
			isa = XCBuildConfiguration;
			buildSettings = {
				INFOPLIST_FILE = WishUITests/Info.plist;
				LD_RUNPATH_SEARCH_PATHS = "$(inherited) @executable_path/Frameworks @loader_path/Frameworks";
				PRODUCT_BUNDLE_IDENTIFIER = com.Tlab.WishUITests;
				PRODUCT_NAME = "$(TARGET_NAME)";
				TEST_TARGET_NAME = Wish;
				USES_XCTRUNNER = YES;
			};
			name = Release;
		};
/* End XCBuildConfiguration section */

/* Begin XCConfigurationList section */
		67BE60A61C48E80D0074BF7C /* Build configuration list for PBXProject "Wish" */ = {
			isa = XCConfigurationList;
			buildConfigurations = (
				67BE60D91C48E80D0074BF7C /* Debug */,
				67BE60DA1C48E80D0074BF7C /* Release */,
			);
			defaultConfigurationIsVisible = 0;
			defaultConfigurationName = Release;
		};
		67BE60DB1C48E80D0074BF7C /* Build configuration list for PBXNativeTarget "Wish" */ = {
			isa = XCConfigurationList;
			buildConfigurations = (
				67BE60DC1C48E80D0074BF7C /* Debug */,
				67BE60DD1C48E80D0074BF7C /* Release */,
			);
			defaultConfigurationIsVisible = 0;
			defaultConfigurationName = Release;
		};
		67BE60DE1C48E80D0074BF7C /* Build configuration list for PBXNativeTarget "WishTests" */ = {
			isa = XCConfigurationList;
			buildConfigurations = (
				67BE60DF1C48E80D0074BF7C /* Debug */,
				67BE60E01C48E80D0074BF7C /* Release */,
			);
			defaultConfigurationIsVisible = 0;
			defaultConfigurationName = Release;
		};
		67BE60E11C48E80D0074BF7C /* Build configuration list for PBXNativeTarget "WishUITests" */ = {
			isa = XCConfigurationList;
			buildConfigurations = (
				67BE60E21C48E80D0074BF7C /* Debug */,
				67BE60E31C48E80D0074BF7C /* Release */,
			);
			defaultConfigurationIsVisible = 0;
			defaultConfigurationName = Release;
		};
/* End XCConfigurationList section */

/* Begin XCVersionGroup section */
		67BE60BA1C48E80D0074BF7C /* Wish.xcdatamodeld */ = {
			isa = XCVersionGroup;
			children = (
				67BE60BB1C48E80D0074BF7C /* Wish.xcdatamodel */,
			);
			currentVersion = 67BE60BB1C48E80D0074BF7C /* Wish.xcdatamodel */;
			path = Wish.xcdatamodeld;
			sourceTree = "<group>";
			versionGroupType = wrapper.xcdatamodel;
		};
/* End XCVersionGroup section */
	};
	rootObject = 67BE60A31C48E80D0074BF7C /* Project object */;
}
